
Microsoft Visual Studio Solution File, Format Version 12.00
# Visual Studio 15
VisualStudioVersion = 15.0.27130.2027
MinimumVisualStudioVersion = 10.0.40219.1
Project("{888888A0-9F3D-457C-B088-3A5042F75D52}") = "BattleShip", "BattleShip\BattleShip.pyproj", "{DAF91B7F-39D3-47E0-81A4-94340322D2C7}"
EndProject
Global
	GlobalSection(SolutionConfigurationPlatforms) = preSolution
		Debug|Any CPU = Debug|Any CPU
		Release|Any CPU = Release|Any CPU
	EndGlobalSection
	GlobalSection(ProjectConfigurationPlatforms) = postSolution
		{DAF91B7F-39D3-47E0-81A4-94340322D2C7}.Debug|Any CPU.ActiveCfg = Debug|Any CPU
		{DAF91B7F-39D3-47E0-81A4-94340322D2C7}.Release|Any CPU.ActiveCfg = Release|Any CPU
	EndGlobalSection
	GlobalSection(SolutionProperties) = preSolution
		HideSolutionNode = FALSE
	EndGlobalSection
	GlobalSection(ExtensibilityGlobals) = postSolution
		SolutionGuid = {7D6FF2BA-95F7-4BDD-BE10-9D39019E4C1E}
	EndGlobalSection
EndGlobal
